// !$*UTF8*$!
{
	archiveVersion = 1;
	classes = {
	};
	objectVersion = 50;
	objects = {

/* Begin PBXBuildFile section */
		100EB41721122A7C000A6AFE /* AppDelegate.swift in Sources */ = {isa = PBXBuildFile; fileRef = 100EB41621122A7C000A6AFE /* AppDelegate.swift */; };
		100EB41921122A7C000A6AFE /* ViewController.swift in Sources */ = {isa = PBXBuildFile; fileRef = 100EB41821122A7C000A6AFE /* ViewController.swift */; };
		100EB41E21122A7D000A6AFE /* Assets.xcassets in Resources */ = {isa = PBXBuildFile; fileRef = 100EB41D21122A7D000A6AFE /* Assets.xcassets */; };
		100EB42121122A7D000A6AFE /* LaunchScreen.storyboard in Resources */ = {isa = PBXBuildFile; fileRef = 100EB41F21122A7D000A6AFE /* LaunchScreen.storyboard */; };
		100EB42921124F57000A6AFE /* TabBarController.swift in Sources */ = {isa = PBXBuildFile; fileRef = 100EB42821124F57000A6AFE /* TabBarController.swift */; };
		100EB42B21125741000A6AFE /* HomeViewController.swift in Sources */ = {isa = PBXBuildFile; fileRef = 100EB42A21125741000A6AFE /* HomeViewController.swift */; };
		788BB43A5B4795F1D20B6ECC /* Pods_launchScreen.framework in Frameworks */ = {isa = PBXBuildFile; fileRef = E1364B63668DC7063B1EF9EB /* Pods_launchScreen.framework */; };
/* End PBXBuildFile section */

/* Begin PBXFileReference section */
		100EB41321122A7C000A6AFE /* launchScreen.app */ = {isa = PBXFileReference; explicitFileType = wrapper.application; includeInIndex = 0; path = launchScreen.app; sourceTree = BUILT_PRODUCTS_DIR; };
		100EB41621122A7C000A6AFE /* AppDelegate.swift */ = {isa = PBXFileReference; lastKnownFileType = sourcecode.swift; path = AppDelegate.swift; sourceTree = "<group>"; };
		100EB41821122A7C000A6AFE /* ViewController.swift */ = {isa = PBXFileReference; lastKnownFileType = sourcecode.swift; path = ViewController.swift; sourceTree = "<group>"; };
		100EB41D21122A7D000A6AFE /* Assets.xcassets */ = {isa = PBXFileReference; lastKnownFileType = folder.assetcatalog; path = Assets.xcassets; sourceTree = "<group>"; };
		100EB42021122A7D000A6AFE /* Base */ = {isa = PBXFileReference; lastKnownFileType = file.storyboard; name = Base; path = Base.lproj/LaunchScreen.storyboard; sourceTree = "<group>"; };
		100EB42221122A7D000A6AFE /* Info.plist */ = {isa = PBXFileReference; lastKnownFileType = text.plist.xml; path = Info.plist; sourceTree = "<group>"; };
		100EB42821124F57000A6AFE /* TabBarController.swift */ = {isa = PBXFileReference; lastKnownFileType = sourcecode.swift; path = TabBarController.swift; sourceTree = "<group>"; };
		100EB42A21125741000A6AFE /* HomeViewController.swift */ = {isa = PBXFileReference; lastKnownFileType = sourcecode.swift; path = HomeViewController.swift; sourceTree = "<group>"; };
		48467681C9C22CD9D78814D5 /* Pods-launchScreen.release.xcconfig */ = {isa = PBXFileReference; includeInIndex = 1; lastKnownFileType = text.xcconfig; name = "Pods-launchScreen.release.xcconfig"; path = "Pods/Target Support Files/Pods-launchScreen/Pods-launchScreen.release.xcconfig"; sourceTree = "<group>"; };
		C2A7FDD3B805D6FD4BFB56A7 /* Pods-launchScreen.debug.xcconfig */ = {isa = PBXFileReference; includeInIndex = 1; lastKnownFileType = text.xcconfig; name = "Pods-launchScreen.debug.xcconfig"; path = "Pods/Target Support Files/Pods-launchScreen/Pods-launchScreen.debug.xcconfig"; sourceTree = "<group>"; };
		E1364B63668DC7063B1EF9EB /* Pods_launchScreen.framework */ = {isa = PBXFileReference; explicitFileType = wrapper.framework; includeInIndex = 0; path = Pods_launchScreen.framework; sourceTree = BUILT_PRODUCTS_DIR; };
/* End PBXFileReference section */

/* Begin PBXFrameworksBuildPhase section */
		100EB41021122A7C000A6AFE /* Frameworks */ = {
			isa = PBXFrameworksBuildPhase;
			buildActionMask = 2147483647;
			files = (
				788BB43A5B4795F1D20B6ECC /* Pods_launchScreen.framework in Frameworks */,
			);
			runOnlyForDeploymentPostprocessing = 0;
		};
/* End PBXFrameworksBuildPhase section */

/* Begin PBXGroup section */
		091A5E0ECD8311CE77CDF168 /* Frameworks */ = {
			isa = PBXGroup;
			children = (
				E1364B63668DC7063B1EF9EB /* Pods_launchScreen.framework */,
			);
			name = Frameworks;
			sourceTree = "<group>";
		};
		100EB40A21122A7C000A6AFE = {
			isa = PBXGroup;
			children = (
				100EB41521122A7C000A6AFE /* launchScreen */,
				100EB41421122A7C000A6AFE /* Products */,
				BE0946C3CD823A60E0496EFB /* Pods */,
				091A5E0ECD8311CE77CDF168 /* Frameworks */,
			);
			sourceTree = "<group>";
		};
		100EB41421122A7C000A6AFE /* Products */ = {
			isa = PBXGroup;
			children = (
				100EB41321122A7C000A6AFE /* launchScreen.app */,
			);
			name = Products;
			sourceTree = "<group>";
		};
		100EB41521122A7C000A6AFE /* launchScreen */ = {
			isa = PBXGroup;
			children = (
				100EB41621122A7C000A6AFE /* AppDelegate.swift */,
				100EB41821122A7C000A6AFE /* ViewController.swift */,
				100EB41D21122A7D000A6AFE /* Assets.xcassets */,
				100EB41F21122A7D000A6AFE /* LaunchScreen.storyboard */,
				100EB42221122A7D000A6AFE /* Info.plist */,
				100EB42821124F57000A6AFE /* TabBarController.swift */,
				100EB42A21125741000A6AFE /* HomeViewController.swift */,
			);
			path = launchScreen;
			sourceTree = "<group>";
		};
		BE0946C3CD823A60E0496EFB /* Pods */ = {
			isa = PBXGroup;
			children = (
				C2A7FDD3B805D6FD4BFB56A7 /* Pods-launchScreen.debug.xcconfig */,
				48467681C9C22CD9D78814D5 /* Pods-launchScreen.release.xcconfig */,
			);
			name = Pods;
			sourceTree = "<group>";
		};
/* End PBXGroup section */

/* Begin PBXNativeTarget section */
		100EB41221122A7C000A6AFE /* launchScreen */ = {
			isa = PBXNativeTarget;
			buildConfigurationList = 100EB42521122A7D000A6AFE /* Build configuration list for PBXNativeTarget "launchScreen" */;
			buildPhases = (
				4863004BF06DE87DE5170D45 /* [CP] Check Pods Manifest.lock */,
				100EB40F21122A7C000A6AFE /* Sources */,
				100EB41021122A7C000A6AFE /* Frameworks */,
				100EB41121122A7C000A6AFE /* Resources */,
				77E6DB651D36E3086A933F58 /* [CP] Embed Pods Frameworks */,
			);
			buildRules = (
			);
			dependencies = (
			);
			name = launchScreen;
			productName = launchScreen;
			productReference = 100EB41321122A7C000A6AFE /* launchScreen.app */;
			productType = "com.apple.product-type.application";
		};
/* End PBXNativeTarget section */

/* Begin PBXProject section */
		100EB40B21122A7C000A6AFE /* Project object */ = {
			isa = PBXProject;
			attributes = {
				LastSwiftUpdateCheck = 0940;
				LastUpgradeCheck = 0940;
				ORGANIZATIONNAME = "Nestor Kauil";
				TargetAttributes = {
					100EB41221122A7C000A6AFE = {
						CreatedOnToolsVersion = 9.4.1;
					};
				};
			};
			buildConfigurationList = 100EB40E21122A7C000A6AFE /* Build configuration list for PBXProject "launchScreen" */;
			compatibilityVersion = "Xcode 9.3";
			developmentRegion = en;
			hasScannedForEncodings = 0;
			knownRegions = (
				en,
				Base,
			);
			mainGroup = 100EB40A21122A7C000A6AFE;
			productRefGroup = 100EB41421122A7C000A6AFE /* Products */;
			projectDirPath = "";
			projectRoot = "";
			targets = (
				100EB41221122A7C000A6AFE /* launchScreen */,
			);
		};
/* End PBXProject section */

/* Begin PBXResourcesBuildPhase section */
		100EB41121122A7C000A6AFE /* Resources */ = {
			isa = PBXResourcesBuildPhase;
			buildActionMask = 2147483647;
			files = (
				100EB42121122A7D000A6AFE /* LaunchScreen.storyboard in Resources */,
				100EB41E21122A7D000A6AFE /* Assets.xcassets in Resources */,
			);
			runOnlyForDeploymentPostprocessing = 0;
		};
/* End PBXResourcesBuildPhase section */

/* Begin PBXShellScriptBuildPhase section */
		4863004BF06DE87DE5170D45 /* [CP] Check Pods Manifest.lock */ = {
			isa = PBXShellScriptBuildPhase;
			buildActionMask = 2147483647;
			files = (
			);
			inputPaths = (
				"${PODS_PODFILE_DIR_PATH}/Podfile.lock",
				"${PODS_ROOT}/Manifest.lock",
			);
			name = "[CP] Check Pods Manifest.lock";
			outputPaths = (
				"$(DERIVED_FILE_DIR)/Pods-launchScreen-checkManifestLockResult.txt",
			);
			runOnlyForDeploymentPostprocessing = 0;
			shellPath = /bin/sh;
			shellScript = "diff \"${PODS_PODFILE_DIR_PATH}/Podfile.lock\" \"${PODS_ROOT}/Manifest.lock\" > /dev/null\nif [ $? != 0 ] ; then\n    # print error to STDERR\n    echo \"error: The sandbox is not in sync with the Podfile.lock. Run 'pod install' or update your CocoaPods installation.\" >&2\n    exit 1\nfi\n# This output is used by Xcode 'outputs' to avoid re-running this script phase.\necho \"SUCCESS\" > \"${SCRIPT_OUTPUT_FILE_0}\"\n";
			showEnvVarsInLog = 0;
		};
		77E6DB651D36E3086A933F58 /* [CP] Embed Pods Frameworks */ = {
			isa = PBXShellScriptBuildPhase;
			buildActionMask = 2147483647;
			files = (
			);
			inputPaths = (
				"${SRCROOT}/Pods/Target Support Files/Pods-launchScreen/Pods-launchScreen-frameworks.sh",
				"${BUILT_PRODUCTS_DIR}/LBTAComponents/LBTAComponents.framework",
				"${BUILT_PRODUCTS_DIR}/RevealingSplashView/RevealingSplashView.framework",
			);
			name = "[CP] Embed Pods Frameworks";
			outputPaths = (
				"${TARGET_BUILD_DIR}/${FRAMEWORKS_FOLDER_PATH}/LBTAComponents.framework",
				"${TARGET_BUILD_DIR}/${FRAMEWORKS_FOLDER_PATH}/RevealingSplashView.framework",
			);
			runOnlyForDeploymentPostprocessing = 0;
			shellPath = /bin/sh;
			shellScript = "\"${SRCROOT}/Pods/Target Support Files/Pods-launchScreen/Pods-launchScreen-frameworks.sh\"\n";
			showEnvVarsInLog = 0;
		};
/* End PBXShellScriptBuildPhase section */

/* Begin PBXSourcesBuildPhase section */
		100EB40F21122A7C000A6AFE /* Sources */ = {
			isa = PBXSourcesBuildPhase;
			buildActionMask = 2147483647;
			files = (
				100EB42921124F57000A6AFE /* TabBarController.swift in Sources */,
				100EB41921122A7C000A6AFE /* ViewController.swift in Sources */,
				100EB41721122A7C000A6AFE /* AppDelegate.swift in Sources */,
				100EB42B21125741000A6AFE /* HomeViewController.swift in Sources */,
			);
			runOnlyForDeploymentPostprocessing = 0;
		};
/* End PBXSourcesBuildPhase section */

/* Begin PBXVariantGroup section */
		100EB41F21122A7D000A6AFE /* LaunchScreen.storyboard */ = {
			isa = PBXVariantGroup;
			children = (
				100EB42021122A7D000A6AFE /* Base */,
			);
			name = LaunchScreen.storyboard;
			sourceTree = "<group>";
		};
/* End PBXVariantGroup section */

/* Begin XCBuildConfiguration section */
		100EB42321122A7D000A6AFE /* Debug */ = {
			isa = XCBuildConfiguration;
			buildSettings = {
				ALWAYS_SEARCH_USER_PATHS = NO;
				CLANG_ANALYZER_NONNULL = YES;
				CLANG_ANALYZER_NUMBER_OBJECT_CONVERSION = YES_AGGRESSIVE;
				CLANG_CXX_LANGUAGE_STANDARD = "gnu++14";
				CLANG_CXX_LIBRARY = "libc++";
				CLANG_ENABLE_MODULES = YES;
				CLANG_ENABLE_OBJC_ARC = YES;
				CLANG_ENABLE_OBJC_WEAK = YES;
				CLANG_WARN_BLOCK_CAPTURE_AUTORELEASING = YES;
				CLANG_WARN_BOOL_CONVERSION = YES;
				CLANG_WARN_COMMA = YES;
				CLANG_WARN_CONSTANT_CONVERSION = YES;
				CLANG_WARN_DEPRECATED_OBJC_IMPLEMENTATIONS = YES;
				CLANG_WARN_DIRECT_OBJC_ISA_USAGE = YES_ERROR;
				CLANG_WARN_DOCUMENTATION_COMMENTS = YES;
				CLANG_WARN_EMPTY_BODY = YES;
				CLANG_WARN_ENUM_CONVERSION = YES;
				CLANG_WARN_INFINITE_RECURSION = YES;
				CLANG_WARN_INT_CONVERSION = YES;
				CLANG_WARN_NON_LITERAL_NULL_CONVERSION = YES;
				CLANG_WARN_OBJC_IMPLICIT_RETAIN_SELF = YES;
				CLANG_WARN_OBJC_LITERAL_CONVERSION = YES;
				CLANG_WARN_OBJC_ROOT_CLASS = YES_ERROR;
				CLANG_WARN_RANGE_LOOP_ANALYSIS = YES;
				CLANG_WARN_STRICT_PROTOTYPES = YES;
				CLANG_WARN_SUSPICIOUS_MOVE = YES;
				CLANG_WARN_UNGUARDED_AVAILABILITY = YES_AGGRESSIVE;
				CLANG_WARN_UNREACHABLE_CODE = YES;
				CLANG_WARN__DUPLICATE_METHOD_MATCH = YES;
				CODE_SIGN_IDENTITY = "iPhone Developer";
				COPY_PHASE_STRIP = NO;
				DEBUG_INFORMATION_FORMAT = dwarf;
				ENABLE_STRICT_OBJC_MSGSEND = YES;
				ENABLE_TESTABILITY = YES;
				GCC_C_LANGUAGE_STANDARD = gnu11;
				GCC_DYNAMIC_NO_PIC = NO;
				GCC_NO_COMMON_BLOCKS = YES;
				GCC_OPTIMIZATION_LEVEL = 0;
				GCC_PREPROCESSOR_DEFINITIONS = (
					"DEBUG=1",
					"$(inherited)",
				);
				GCC_WARN_64_TO_32_BIT_CONVERSION = YES;
				GCC_WARN_ABOUT_RETURN_TYPE = YES_ERROR;
				GCC_WARN_UNDECLARED_SELECTOR = YES;
				GCC_WARN_UNINITIALIZED_AUTOS = YES_AGGRESSIVE;
				GCC_WARN_UNUSED_FUNCTION = YES;
				GCC_WARN_UNUSED_VARIABLE = YES;
				IPHONEOS_DEPLOYMENT_TARGET = 11.4;
				MTL_ENABLE_DEBUG_INFO = YES;
				ONLY_ACTIVE_ARCH = YES;
				SDKROOT = iphoneos;
				SWIFT_ACTIVE_COMPILATION_CONDITIONS = DEBUG;
				SWIFT_OPTIMIZATION_LEVEL = "-Onone";
			};
			name = Debug;
		};
		100EB42421122A7D000A6AFE /* Release */ = {
			isa = XCBuildConfiguration;
			buildSettings = {
				ALWAYS_SEARCH_USER_PATHS = NO;
				CLANG_ANALYZER_NONNULL = YES;
				CLANG_ANALYZER_NUMBER_OBJECT_CONVERSION = YES_AGGRESSIVE;
				CLANG_CXX_LANGUAGE_STANDARD = "gnu++14";
				CLANG_CXX_LIBRARY = "libc++";
				CLANG_ENABLE_MODULES = YES;
				CLANG_ENABLE_OBJC_ARC = YES;
				CLANG_ENABLE_OBJC_WEAK = YES;
				CLANG_WARN_BLOCK_CAPTURE_AUTORELEASING = YES;
				CLANG_WARN_BOOL_CONVERSION = YES;
				CLANG_WARN_COMMA = YES;
				CLANG_WARN_CONSTANT_CONVERSION = YES;
				CLANG_WARN_DEPRECATED_OBJC_IMPLEMENTATIONS = YES;
				CLANG_WARN_DIRECT_OBJC_ISA_USAGE = YES_ERROR;
				CLANG_WARN_DOCUMENTATION_COMMENTS = YES;
				CLANG_WARN_EMPTY_BODY = YES;
				CLANG_WARN_ENUM_CONVERSION = YES;
				CLANG_WARN_INFINITE_RECURSION = YES;
				CLANG_WARN_INT_CONVERSION = YES;
				CLANG_WARN_NON_LITERAL_NULL_CONVERSION = YES;
				CLANG_WARN_OBJC_IMPLICIT_RETAIN_SELF = YES;
				CLANG_WARN_OBJC_LITERAL_CONVERSION = YES;
				CLANG_WARN_OBJC_ROOT_CLASS = YES_ERROR;
				CLANG_WARN_RANGE_LOOP_ANALYSIS = YES;
				CLANG_WARN_STRICT_PROTOTYPES = YES;
				CLANG_WARN_SUSPICIOUS_MOVE = YES;
				CLANG_WARN_UNGUARDED_AVAILABILITY = YES_AGGRESSIVE;
				CLANG_WARN_UNREACHABLE_CODE = YES;
				CLANG_WARN__DUPLICATE_METHOD_MATCH = YES;
				CODE_SIGN_IDENTITY = "iPhone Developer";
				COPY_PHASE_STRIP = NO;
				DEBUG_INFORMATION_FORMAT = "dwarf-with-dsym";
				ENABLE_NS_ASSERTIONS = NO;
				ENABLE_STRICT_OBJC_MSGSEND = YES;
				GCC_C_LANGUAGE_STANDARD = gnu11;
				GCC_NO_COMMON_BLOCKS = YES;
				GCC_WARN_64_TO_32_BIT_CONVERSION = YES;
				GCC_WARN_ABOUT_RETURN_TYPE = YES_ERROR;
				GCC_WARN_UNDECLARED_SELECTOR = YES;
				GCC_WARN_UNINITIALIZED_AUTOS = YES_AGGRESSIVE;
				GCC_WARN_UNUSED_FUNCTION = YES;
				GCC_WARN_UNUSED_VARIABLE = YES;
				IPHONEOS_DEPLOYMENT_TARGET = 11.4;
				MTL_ENABLE_DEBUG_INFO = NO;
				SDKROOT = iphoneos;
				SWIFT_COMPILATION_MODE = wholemodule;
				SWIFT_OPTIMIZATION_LEVEL = "-O";
				VALIDATE_PRODUCT = YES;
			};
			name = Release;
		};
		100EB42621122A7D000A6AFE /* Debug */ = {
			isa = XCBuildConfiguration;
			baseConfigurationReference = C2A7FDD3B805D6FD4BFB56A7 /* Pods-launchScreen.debug.xcconfig */;
			buildSettings = {
				ASSETCATALOG_COMPILER_APPICON_NAME = AppIcon;
				CODE_SIGN_STYLE = Automatic;
				DEVELOPMENT_TEAM = 5XTUDKLQXR;
				INFOPLIST_FILE = launchScreen/Info.plist;
				LD_RUNPATH_SEARCH_PATHS = (
					"$(inherited)",
					"@executable_path/Frameworks",
				);
				PRODUCT_BUNDLE_IDENTIFIER = nk.launchScreen;
				PRODUCT_NAME = "$(TARGET_NAME)";
				SWIFT_VERSION = 4.0;
				TARGETED_DEVICE_FAMILY = "1,2";
			};
			name = Debug;
		};
		100EB42721122A7D000A6AFE /* Release */ = {
			isa = XCBuildConfiguration;
			baseConfigurationReference = 48467681C9C22CD9D78814D5 /* Pods-launchScreen.release.xcconfig */;
			buildSettings = {
				ASSETCATALOG_COMPILER_APPICON_NAME = AppIcon;
				CODE_SIGN_STYLE = Automatic;
				DEVELOPMENT_TEAM = 5XTUDKLQXR;
				INFOPLIST_FILE = launchScreen/Info.plist;
				LD_RUNPATH_SEARCH_PATHS = (
					"$(inherited)",
					"@executable_path/Frameworks",
				);
				PRODUCT_BUNDLE_IDENTIFIER = nk.launchScreen;
				PRODUCT_NAME = "$(TARGET_NAME)";
				SWIFT_VERSION = 4.0;
				TARGETED_DEVICE_FAMILY = "1,2";
			};
			name = Release;
		};
/* End XCBuildConfiguration section */

/* Begin XCConfigurationList section */
		100EB40E21122A7C000A6AFE /* Build configuration list for PBXProject "launchScreen" */ = {
			isa = XCConfigurationList;
			buildConfigurations = (
				100EB42321122A7D000A6AFE /* Debug */,
				100EB42421122A7D000A6AFE /* Release */,
			);
			defaultConfigurationIsVisible = 0;
			defaultConfigurationName = Release;
		};
		100EB42521122A7D000A6AFE /* Build configuration list for PBXNativeTarget "launchScreen" */ = {
			isa = XCConfigurationList;
			buildConfigurations = (
				100EB42621122A7D000A6AFE /* Debug */,
				100EB42721122A7D000A6AFE /* Release */,
			);
			defaultConfigurationIsVisible = 0;
			defaultConfigurationName = Release;
		};
/* End XCConfigurationList section */
	};
	rootObject = 100EB40B21122A7C000A6AFE /* Project object */;
}
